// !$*UTF8*$!
{
	archiveVersion = 1;
	classes = {
	};
	objectVersion = 46;
	objects = {

/* Begin PBXBuildFile section */
		B793B55D1C68E7F3002D7AF3 /* main.cpp in Sources */ = {isa = PBXBuildFile; fileRef = B793B55C1C68E7F3002D7AF3 /* main.cpp */; };
		B793B5681C68FCCD002D7AF3 /* GameLogic.cpp in Sources */ = {isa = PBXBuildFile; fileRef = B793B5661C68FCCD002D7AF3 /* GameLogic.cpp */; };
		B793B5801C690A7A002D7AF3 /* main.cpp in Sources */ = {isa = PBXBuildFile; fileRef = B793B57F1C690A7A002D7AF3 /* main.cpp */; };
		B7B37A511C690E7700BA974B /* testGameLogic.cpp in Sources */ = {isa = PBXBuildFile; fileRef = B7B37A4F1C690E7700BA974B /* testGameLogic.cpp */; };
		B7B37A521C690EBA00BA974B /* GameLogic.cpp in Sources */ = {isa = PBXBuildFile; fileRef = B793B5661C68FCCD002D7AF3 /* GameLogic.cpp */; };
		B7B37A571C6B7F3800BA974B /* Tile.cpp in Sources */ = {isa = PBXBuildFile; fileRef = B7B37A551C6B7F3800BA974B /* Tile.cpp */; };
		B7B37A581C6B7F3800BA974B /* Tile.cpp in Sources */ = {isa = PBXBuildFile; fileRef = B7B37A551C6B7F3800BA974B /* Tile.cpp */; };
		B7B37A5A1C6B80CF00BA974B /* testTile.cpp in Sources */ = {isa = PBXBuildFile; fileRef = B7B37A591C6B80CF00BA974B /* testTile.cpp */; };
		B7B37A5B1C6B80CF00BA974B /* testTile.cpp in Sources */ = {isa = PBXBuildFile; fileRef = B7B37A591C6B80CF00BA974B /* testTile.cpp */; };
/* End PBXBuildFile section */

/* Begin PBXCopyFilesBuildPhase section */
		B793B5571C68E7F3002D7AF3 /* CopyFiles */ = {
			isa = PBXCopyFilesBuildPhase;
			buildActionMask = 2147483647;
			dstPath = /usr/share/man/man1/;
			dstSubfolderSpec = 0;
			files = (
			);
			runOnlyForDeploymentPostprocessing = 1;
		};
		B793B57B1C690A7A002D7AF3 /* CopyFiles */ = {
			isa = PBXCopyFilesBuildPhase;
			buildActionMask = 2147483647;
			dstPath = /usr/share/man/man1/;
			dstSubfolderSpec = 0;
			files = (
			);
			runOnlyForDeploymentPostprocessing = 1;
		};
/* End PBXCopyFilesBuildPhase section */

/* Begin PBXFileReference section */
		B793B5591C68E7F3002D7AF3 /* LightsOut */ = {isa = PBXFileReference; explicitFileType = "compiled.mach-o.executable"; includeInIndex = 0; path = LightsOut; sourceTree = BUILT_PRODUCTS_DIR; };
		B793B55C1C68E7F3002D7AF3 /* main.cpp */ = {isa = PBXFileReference; lastKnownFileType = sourcecode.cpp.cpp; path = main.cpp; sourceTree = "<group>"; };
		B793B5661C68FCCD002D7AF3 /* GameLogic.cpp */ = {isa = PBXFileReference; fileEncoding = 4; lastKnownFileType = sourcecode.cpp.cpp; path = GameLogic.cpp; sourceTree = "<group>"; };
		B793B5671C68FCCD002D7AF3 /* GameLogic.hpp */ = {isa = PBXFileReference; fileEncoding = 4; lastKnownFileType = sourcecode.cpp.h; path = GameLogic.hpp; sourceTree = "<group>"; };
		B793B57D1C690A7A002D7AF3 /* TestLightsOut */ = {isa = PBXFileReference; explicitFileType = "compiled.mach-o.executable"; includeInIndex = 0; path = TestLightsOut; sourceTree = BUILT_PRODUCTS_DIR; };
		B793B57F1C690A7A002D7AF3 /* main.cpp */ = {isa = PBXFileReference; lastKnownFileType = sourcecode.cpp.cpp; path = main.cpp; sourceTree = "<group>"; };
		B7B37A4E1C690D1000BA974B /* catch.hpp */ = {isa = PBXFileReference; fileEncoding = 4; lastKnownFileType = sourcecode.cpp.h; path = catch.hpp; sourceTree = "<group>"; };
		B7B37A4F1C690E7700BA974B /* testGameLogic.cpp */ = {isa = PBXFileReference; fileEncoding = 4; lastKnownFileType = sourcecode.cpp.cpp; path = testGameLogic.cpp; sourceTree = "<group>"; };
		B7B37A551C6B7F3800BA974B /* Tile.cpp */ = {isa = PBXFileReference; fileEncoding = 4; lastKnownFileType = sourcecode.cpp.cpp; path = Tile.cpp; sourceTree = "<group>"; };
		B7B37A561C6B7F3800BA974B /* Tile.hpp */ = {isa = PBXFileReference; fileEncoding = 4; lastKnownFileType = sourcecode.cpp.h; path = Tile.hpp; sourceTree = "<group>"; };
		B7B37A591C6B80CF00BA974B /* testTile.cpp */ = {isa = PBXFileReference; fileEncoding = 4; lastKnownFileType = sourcecode.cpp.cpp; path = testTile.cpp; sourceTree = "<group>"; };
/* End PBXFileReference section */

/* Begin PBXFrameworksBuildPhase section */
		B793B5561C68E7F3002D7AF3 /* Frameworks */ = {
			isa = PBXFrameworksBuildPhase;
			buildActionMask = 2147483647;
			files = (
			);
			runOnlyForDeploymentPostprocessing = 0;
		};
		B793B57A1C690A7A002D7AF3 /* Frameworks */ = {
			isa = PBXFrameworksBuildPhase;
			buildActionMask = 2147483647;
			files = (
			);
			runOnlyForDeploymentPostprocessing = 0;
		};
/* End PBXFrameworksBuildPhase section */

/* Begin PBXGroup section */
		B793B5501C68E7F3002D7AF3 = {
			isa = PBXGroup;
			children = (
				B793B55B1C68E7F3002D7AF3 /* LightsOut */,
				B793B57E1C690A7A002D7AF3 /* TestLightsOut */,
				B793B55A1C68E7F3002D7AF3 /* Products */,
			);
			sourceTree = "<group>";
		};
		B793B55A1C68E7F3002D7AF3 /* Products */ = {
			isa = PBXGroup;
			children = (
				B793B5591C68E7F3002D7AF3 /* LightsOut */,
				B793B57D1C690A7A002D7AF3 /* TestLightsOut */,
			);
			name = Products;
			sourceTree = "<group>";
		};
		B793B55B1C68E7F3002D7AF3 /* LightsOut */ = {
			isa = PBXGroup;
			children = (
				B793B55C1C68E7F3002D7AF3 /* main.cpp */,
				B793B5661C68FCCD002D7AF3 /* GameLogic.cpp */,
				B793B5671C68FCCD002D7AF3 /* GameLogic.hpp */,
				B7B37A551C6B7F3800BA974B /* Tile.cpp */,
				B7B37A561C6B7F3800BA974B /* Tile.hpp */,
			);
			path = LightsOut;
			sourceTree = "<group>";
		};
		B793B57E1C690A7A002D7AF3 /* TestLightsOut */ = {
			isa = PBXGroup;
			children = (
				B793B57F1C690A7A002D7AF3 /* main.cpp */,
				B7B37A4E1C690D1000BA974B /* catch.hpp */,
				B7B37A4F1C690E7700BA974B /* testGameLogic.cpp */,
				B7B37A591C6B80CF00BA974B /* testTile.cpp */,
			);
			path = TestLightsOut;
			sourceTree = "<group>";
		};
/* End PBXGroup section */

/* Begin PBXNativeTarget section */
		B793B5581C68E7F3002D7AF3 /* LightsOut */ = {
			isa = PBXNativeTarget;
			buildConfigurationList = B793B5601C68E7F3002D7AF3 /* Build configuration list for PBXNativeTarget "LightsOut" */;
			buildPhases = (
				B793B5551C68E7F3002D7AF3 /* Sources */,
				B793B5561C68E7F3002D7AF3 /* Frameworks */,
				B793B5571C68E7F3002D7AF3 /* CopyFiles */,
			);
			buildRules = (
			);
			dependencies = (
			);
			name = LightsOut;
			productName = LightsOut;
			productReference = B793B5591C68E7F3002D7AF3 /* LightsOut */;
			productType = "com.apple.product-type.tool";
		};
		B793B57C1C690A7A002D7AF3 /* TestLightsOut */ = {
			isa = PBXNativeTarget;
			buildConfigurationList = B793B5811C690A7A002D7AF3 /* Build configuration list for PBXNativeTarget "TestLightsOut" */;
			buildPhases = (
				B793B5791C690A7A002D7AF3 /* Sources */,
				B793B57A1C690A7A002D7AF3 /* Frameworks */,
				B793B57B1C690A7A002D7AF3 /* CopyFiles */,
			);
			buildRules = (
			);
			dependencies = (
			);
			name = TestLightsOut;
			productName = TestLightsOut;
			productReference = B793B57D1C690A7A002D7AF3 /* TestLightsOut */;
			productType = "com.apple.product-type.tool";
		};
/* End PBXNativeTarget section */

/* Begin PBXProject section */
		B793B5511C68E7F3002D7AF3 /* Project object */ = {
			isa = PBXProject;
			attributes = {
				KnownAssetTags = (
					New,
				);
				LastSwiftUpdateCheck = 0720;
				LastUpgradeCheck = 0720;
				ORGANIZATIONNAME = "Benjamin Wilcox";
				TargetAttributes = {
					B793B5581C68E7F3002D7AF3 = {
						CreatedOnToolsVersion = 7.2.1;
					};
					B793B57C1C690A7A002D7AF3 = {
						CreatedOnToolsVersion = 7.2.1;
					};
				};
			};
			buildConfigurationList = B793B5541C68E7F3002D7AF3 /* Build configuration list for PBXProject "LightsOut" */;
			compatibilityVersion = "Xcode 3.2";
			developmentRegion = English;
			hasScannedForEncodings = 0;
			knownRegions = (
				en,
			);
			mainGroup = B793B5501C68E7F3002D7AF3;
			productRefGroup = B793B55A1C68E7F3002D7AF3 /* Products */;
			projectDirPath = "";
			projectRoot = "";
			targets = (
				B793B5581C68E7F3002D7AF3 /* LightsOut */,
				B793B57C1C690A7A002D7AF3 /* TestLightsOut */,
			);
		};
/* End PBXProject section */

/* Begin PBXSourcesBuildPhase section */
		B793B5551C68E7F3002D7AF3 /* Sources */ = {
			isa = PBXSourcesBuildPhase;
			buildActionMask = 2147483647;
			files = (
				B7B37A571C6B7F3800BA974B /* Tile.cpp in Sources */,
				B793B5681C68FCCD002D7AF3 /* GameLogic.cpp in Sources */,
				B793B55D1C68E7F3002D7AF3 /* main.cpp in Sources */,
				B7B37A5A1C6B80CF00BA974B /* testTile.cpp in Sources */,
			);
			runOnlyForDeploymentPostprocessing = 0;
		};
		B793B5791C690A7A002D7AF3 /* Sources */ = {
			isa = PBXSourcesBuildPhase;
			buildActionMask = 2147483647;
			files = (
				B7B37A511C690E7700BA974B /* testGameLogic.cpp in Sources */,
				B7B37A521C690EBA00BA974B /* GameLogic.cpp in Sources */,
				B7B37A5B1C6B80CF00BA974B /* testTile.cpp in Sources */,
				B793B5801C690A7A002D7AF3 /* main.cpp in Sources */,
				B7B37A581C6B7F3800BA974B /* Tile.cpp in Sources */,
			);
			runOnlyForDeploymentPostprocessing = 0;
		};
/* End PBXSourcesBuildPhase section */

/* Begin XCBuildConfiguration section */
		B793B55E1C68E7F3002D7AF3 /* Debug */ = {
			isa = XCBuildConfiguration;
			buildSettings = {
				ALWAYS_SEARCH_USER_PATHS = NO;
				CLANG_CXX_LANGUAGE_STANDARD = "gnu++0x";
				CLANG_CXX_LIBRARY = "libc++";
				CLANG_ENABLE_MODULES = YES;
				CLANG_ENABLE_OBJC_ARC = YES;
				CLANG_WARN_BOOL_CONVERSION = YES;
				CLANG_WARN_CONSTANT_CONVERSION = YES;
				CLANG_WARN_DIRECT_OBJC_ISA_USAGE = YES_ERROR;
				CLANG_WARN_EMPTY_BODY = YES;
				CLANG_WARN_ENUM_CONVERSION = YES;
				CLANG_WARN_INT_CONVERSION = YES;
				CLANG_WARN_OBJC_ROOT_CLASS = YES_ERROR;
				CLANG_WARN_UNREACHABLE_CODE = YES;
				CLANG_WARN__DUPLICATE_METHOD_MATCH = YES;
				CODE_SIGN_IDENTITY = "-";
				COPY_PHASE_STRIP = NO;
				DEBUG_INFORMATION_FORMAT = dwarf;
				ENABLE_STRICT_OBJC_MSGSEND = YES;
				ENABLE_TESTABILITY = YES;
				GCC_C_LANGUAGE_STANDARD = gnu99;
				GCC_DYNAMIC_NO_PIC = NO;
				GCC_NO_COMMON_BLOCKS = YES;
				GCC_OPTIMIZATION_LEVEL = 0;
				GCC_PREPROCESSOR_DEFINITIONS = (
					"DEBUG=1",
					"$(inherited)",
				);
				GCC_WARN_64_TO_32_BIT_CONVERSION = YES;
				GCC_WARN_ABOUT_RETURN_TYPE = YES_ERROR;
				GCC_WARN_UNDECLARED_SELECTOR = YES;
				GCC_WARN_UNINITIALIZED_AUTOS = YES_AGGRESSIVE;
				GCC_WARN_UNUSED_FUNCTION = YES;
				GCC_WARN_UNUSED_VARIABLE = YES;
				MACOSX_DEPLOYMENT_TARGET = 10.11;
				MTL_ENABLE_DEBUG_INFO = YES;
				ONLY_ACTIVE_ARCH = YES;
				SDKROOT = macosx;
			};
			name = Debug;
		};
		B793B55F1C68E7F3002D7AF3 /* Release */ = {
			isa = XCBuildConfiguration;
			buildSettings = {
				ALWAYS_SEARCH_USER_PATHS = NO;
				CLANG_CXX_LANGUAGE_STANDARD = "gnu++0x";
				CLANG_CXX_LIBRARY = "libc++";
				CLANG_ENABLE_MODULES = YES;
				CLANG_ENABLE_OBJC_ARC = YES;
				CLANG_WARN_BOOL_CONVERSION = YES;
				CLANG_WARN_CONSTANT_CONVERSION = YES;
				CLANG_WARN_DIRECT_OBJC_ISA_USAGE = YES_ERROR;
				CLANG_WARN_EMPTY_BODY = YES;
				CLANG_WARN_ENUM_CONVERSION = YES;
				CLANG_WARN_INT_CONVERSION = YES;
				CLANG_WARN_OBJC_ROOT_CLASS = YES_ERROR;
				CLANG_WARN_UNREACHABLE_CODE = YES;
				CLANG_WARN__DUPLICATE_METHOD_MATCH = YES;
				CODE_SIGN_IDENTITY = "-";
				COPY_PHASE_STRIP = NO;
				DEBUG_INFORMATION_FORMAT = "dwarf-with-dsym";
				ENABLE_NS_ASSERTIONS = NO;
				ENABLE_STRICT_OBJC_MSGSEND = YES;
				GCC_C_LANGUAGE_STANDARD = gnu99;
				GCC_NO_COMMON_BLOCKS = YES;
				GCC_WARN_64_TO_32_BIT_CONVERSION = YES;
				GCC_WARN_ABOUT_RETURN_TYPE = YES_ERROR;
				GCC_WARN_UNDECLARED_SELECTOR = YES;
				GCC_WARN_UNINITIALIZED_AUTOS = YES_AGGRESSIVE;
				GCC_WARN_UNUSED_FUNCTION = YES;
				GCC_WARN_UNUSED_VARIABLE = YES;
				MACOSX_DEPLOYMENT_TARGET = 10.11;
				MTL_ENABLE_DEBUG_INFO = NO;
				SDKROOT = macosx;
			};
			name = Release;
		};
		B793B5611C68E7F3002D7AF3 /* Debug */ = {
			isa = XCBuildConfiguration;
			buildSettings = {
				PRODUCT_NAME = "$(TARGET_NAME)";
			};
			name = Debug;
		};
		B793B5621C68E7F3002D7AF3 /* Release */ = {
			isa = XCBuildConfiguration;
			buildSettings = {
				PRODUCT_NAME = "$(TARGET_NAME)";
			};
			name = Release;
		};
		B793B5821C690A7A002D7AF3 /* Debug */ = {
			isa = XCBuildConfiguration;
			buildSettings = {
				PRODUCT_NAME = "$(TARGET_NAME)";
			};
			name = Debug;
		};
		B793B5831C690A7A002D7AF3 /* Release */ = {
			isa = XCBuildConfiguration;
			buildSettings = {
				PRODUCT_NAME = "$(TARGET_NAME)";
			};
			name = Release;
		};
/* End XCBuildConfiguration section */

/* Begin XCConfigurationList section */
		B793B5541C68E7F3002D7AF3 /* Build configuration list for PBXProject "LightsOut" */ = {
			isa = XCConfigurationList;
			buildConfigurations = (
				B793B55E1C68E7F3002D7AF3 /* Debug */,
				B793B55F1C68E7F3002D7AF3 /* Release */,
			);
			defaultConfigurationIsVisible = 0;
			defaultConfigurationName = Release;
		};
		B793B5601C68E7F3002D7AF3 /* Build configuration list for PBXNativeTarget "LightsOut" */ = {
			isa = XCConfigurationList;
			buildConfigurations = (
				B793B5611C68E7F3002D7AF3 /* Debug */,
				B793B5621C68E7F3002D7AF3 /* Release */,
			);
			defaultConfigurationIsVisible = 0;
			defaultConfigurationName = Release;
		};
		B793B5811C690A7A002D7AF3 /* Build configuration list for PBXNativeTarget "TestLightsOut" */ = {
			isa = XCConfigurationList;
			buildConfigurations = (
				B793B5821C690A7A002D7AF3 /* Debug */,
				B793B5831C690A7A002D7AF3 /* Release */,
			);
			defaultConfigurationIsVisible = 0;
			defaultConfigurationName = Release;
		};
/* End XCConfigurationList section */
	};
	rootObject = B793B5511C68E7F3002D7AF3 /* Project object */;
}
